
Microsoft Visual Studio Solution File, Format Version 12.00
# Visual Studio Version 16
VisualStudioVersion = 16.0.29806.167
MinimumVisualStudioVersion = 10.0.40219.1
Project("{9A19103F-16F7-4668-BE54-9A1E7A4F7556}") = "Homework05", "Homework05\Homework05\Homework05.csproj", "{F7B5047D-819C-4DE8-80DC-C5E813FB7C6E}"
EndProject
Project("{FAE04EC0-301F-11D3-BF4B-00C04F79EFBC}") = "Homework05.Android", "Homework05\Homework05.Android\Homework05.Android.csproj", "{98B5709E-CD4F-47E8-BBCE-4AFDD475F2B5}"
EndProject
Global
	GlobalSection(SolutionConfigurationPlatforms) = preSolution
		Debug|Any CPU = Debug|Any CPU
		Release|Any CPU = Release|Any CPU
	EndGlobalSection
	GlobalSection(ProjectConfigurationPlatforms) = postSolution
		{F7B5047D-819C-4DE8-80DC-C5E813FB7C6E}.Debug|Any CPU.ActiveCfg = Debug|Any CPU
		{F7B5047D-819C-4DE8-80DC-C5E813FB7C6E}.Debug|Any CPU.Build.0 = Debug|Any CPU
		{F7B5047D-819C-4DE8-80DC-C5E813FB7C6E}.Release|Any CPU.ActiveCfg = Release|Any CPU
		{F7B5047D-819C-4DE8-80DC-C5E813FB7C6E}.Release|Any CPU.Build.0 = Release|Any CPU
		{98B5709E-CD4F-47E8-BBCE-4AFDD475F2B5}.Debug|Any CPU.ActiveCfg = Debug|Any CPU
		{98B5709E-CD4F-47E8-BBCE-4AFDD475F2B5}.Debug|Any CPU.Build.0 = Debug|Any CPU
		{98B5709E-CD4F-47E8-BBCE-4AFDD475F2B5}.Debug|Any CPU.Deploy.0 = Debug|Any CPU
		{98B5709E-CD4F-47E8-BBCE-4AFDD475F2B5}.Release|Any CPU.ActiveCfg = Release|Any CPU
		{98B5709E-CD4F-47E8-BBCE-4AFDD475F2B5}.Release|Any CPU.Build.0 = Release|Any CPU
		{98B5709E-CD4F-47E8-BBCE-4AFDD475F2B5}.Release|Any CPU.Deploy.0 = Release|Any CPU
	EndGlobalSection
	GlobalSection(SolutionProperties) = preSolution
		HideSolutionNode = FALSE
	EndGlobalSection
	GlobalSection(ExtensibilityGlobals) = postSolution
		SolutionGuid = {1A809C69-91F0-4C11-92E0-88228FDE3A46}
	EndGlobalSection
EndGlobal
